
Microsoft Visual Studio Solution File, Format Version 12.00
# Visual Studio Version 17
VisualStudioVersion = 17.9.34728.123
MinimumVisualStudioVersion = 10.0.40219.1
Project("{FAE04EC0-301F-11D3-BF4B-00C04F79EFBC}") = "WeddingSite.Server", "WeddingSite.Server\WeddingSite.Server.csproj", "{62EFEBA6-A245-4BE2-96ED-2709A0176DD9}"
EndProject
Project("{54A90642-561A-4BB1-A94E-469ADEE60C69}") = "weddingsite.client", "weddingsite.client\weddingsite.client.esproj", "{D7BB9BE9-095B-4ABE-9322-4FA69EB6CE3A}"
EndProject
Global
	GlobalSection(SolutionConfigurationPlatforms) = preSolution
		Debug|Any CPU = Debug|Any CPU
		Release|Any CPU = Release|Any CPU
	EndGlobalSection
	GlobalSection(ProjectConfigurationPlatforms) = postSolution
		{62EFEBA6-A245-4BE2-96ED-2709A0176DD9}.Debug|Any CPU.ActiveCfg = Debug|Any CPU
		{62EFEBA6-A245-4BE2-96ED-2709A0176DD9}.Debug|Any CPU.Build.0 = Debug|Any CPU
		{62EFEBA6-A245-4BE2-96ED-2709A0176DD9}.Release|Any CPU.ActiveCfg = Release|Any CPU
		{62EFEBA6-A245-4BE2-96ED-2709A0176DD9}.Release|Any CPU.Build.0 = Release|Any CPU
		{D7BB9BE9-095B-4ABE-9322-4FA69EB6CE3A}.Debug|Any CPU.ActiveCfg = Debug|Any CPU
		{D7BB9BE9-095B-4ABE-9322-4FA69EB6CE3A}.Debug|Any CPU.Build.0 = Debug|Any CPU
		{D7BB9BE9-095B-4ABE-9322-4FA69EB6CE3A}.Debug|Any CPU.Deploy.0 = Debug|Any CPU
		{D7BB9BE9-095B-4ABE-9322-4FA69EB6CE3A}.Release|Any CPU.ActiveCfg = Release|Any CPU
		{D7BB9BE9-095B-4ABE-9322-4FA69EB6CE3A}.Release|Any CPU.Build.0 = Release|Any CPU
		{D7BB9BE9-095B-4ABE-9322-4FA69EB6CE3A}.Release|Any CPU.Deploy.0 = Release|Any CPU
	EndGlobalSection
	GlobalSection(SolutionProperties) = preSolution
		HideSolutionNode = FALSE
	EndGlobalSection
	GlobalSection(ExtensibilityGlobals) = postSolution
		SolutionGuid = {6263489B-1B8D-4EE0-9227-28A3B3ADA7BE}
	EndGlobalSection
EndGlobal
